
Microsoft Visual Studio Solution File, Format Version 12.00
# Visual Studio Version 16
VisualStudioVersion = 16.0.33027.164
MinimumVisualStudioVersion = 10.0.40219.1
Project("{FAE04EC0-301F-11D3-BF4B-00C04F79EFBC}") = "RSA", "RSA.csproj", "{4798809C-A3D1-46A8-BBDF-34D3D61C8465}"
EndProject
Global
	GlobalSection(SolutionConfigurationPlatforms) = preSolution
		Debug|Any CPU = Debug|Any CPU
		Release|Any CPU = Release|Any CPU
	EndGlobalSection
	GlobalSection(ProjectConfigurationPlatforms) = postSolution
		{4798809C-A3D1-46A8-BBDF-34D3D61C8465}.Debug|Any CPU.ActiveCfg = Debug|Any CPU
		{4798809C-A3D1-46A8-BBDF-34D3D61C8465}.Debug|Any CPU.Build.0 = Debug|Any CPU
		{4798809C-A3D1-46A8-BBDF-34D3D61C8465}.Release|Any CPU.ActiveCfg = Release|Any CPU
		{4798809C-A3D1-46A8-BBDF-34D3D61C8465}.Release|Any CPU.Build.0 = Release|Any CPU
	EndGlobalSection
	GlobalSection(SolutionProperties) = preSolution
		HideSolutionNode = FALSE
	EndGlobalSection
	GlobalSection(ExtensibilityGlobals) = postSolution
		SolutionGuid = {70328D07-D79B-40FC-8358-FF7DC892218B}
	EndGlobalSection
EndGlobal
